<?xml version="1.0" encoding="utf-8"?>
<Project ToolsVersion="4.0" xmlns="http://schemas.microsoft.com/developer/msbuild/2003">
  <ItemGroup>
    <ClCompile Include="main.cpp" />
    <ClCompile Include="format.cc" />
    <ClCompile Include="imgui\imgui.cpp">
      <Filter>imgui</Filter>
    </ClCompile>
    <ClCompile Include="imgui\imgui_demo.cpp">
      <Filter>imgui</Filter>
    </ClCompile>
    <ClCompile Include="imgui\imgui_draw.cpp">
      <Filter>imgui</Filter>
    </ClCompile>
    <ClCompile Include="imgui\imgui_impl_opengl3.cpp">
      <Filter>imgui</Filter>
    </ClCompile>
    <ClCompile Include="imgui\imgui_tables.cpp">
      <Filter>imgui</Filter>
    </ClCompile>
    <ClCompile Include="imgui\imgui_widgets.cpp">
      <Filter>imgui</Filter>
    </ClCompile>
    <ClCompile Include="imgui\imgui_impl_sdl.cpp">
      <Filter>imgui</Filter>
    </ClCompile>
    <ClCompile Include="input.cpp" />
    <ClCompile Include="Camera.cpp" />
    <ClCompile Include="GlDebug.cpp" />
    <ClCompile Include="graphics\Geometry.cpp" />
    <ClCompile Include="graphics\Shader.cpp" />
    <ClCompile Include="graphics\ShaderProgram.cpp" />
    <ClCompile Include="Entity.cpp" />
    <ClCompile Include="Vehicle.cpp" />
    <ClCompile Include="Flag.cpp" />
    <ClCompile Include="Projectile.cpp" />
    <ClCompile Include="ProjectilePickupZone.cpp" />
    <ClCompile Include="FlagDropoffZone.cpp" />
    <ClCompile Include="OpponentInput.cpp" />
    <ClCompile Include="PathFinding.cpp" />
    <ClCompile Include="SpeedBoost.cpp" />
    <ClCompile Include="SpeedBoostPickupZone.cpp" />
    <ClCompile Include="SpikeTrap.cpp" />
    <ClCompile Include="SpikeTrapPickupZone.cpp" />
    <ClCompile Include="InvisibleBarrier.cpp" />
    <ClCompile Include="PowerUpManager.cpp" />
    <ClCompile Include="GameUI.cpp" />
    <ClCompile Include="DoorManager.cpp" />
    <ClCompile Include="audio\AudioEngine.cpp">
      <Filter>audio</Filter>
    </ClCompile>
    <ClCompile Include="audio\AudioInstance.cpp">
      <Filter>audio</Filter>
    </ClCompile>
    <ClCompile Include="audio\GameAudio.cpp">
      <Filter>audio</Filter>
    </ClCompile>
    <ClCompile Include="physics\ContactReportCallback.cpp">
      <Filter>physics</Filter>
    </ClCompile>
    <ClCompile Include="graphics\ElementBuffer.cpp">
      <Filter>graphics</Filter>
    </ClCompile>
    <ClCompile Include="graphics\Mesh.cpp">
      <Filter>graphics</Filter>
    </ClCompile>
    <ClCompile Include="graphics\Model.cpp">
      <Filter>graphics</Filter>
    </ClCompile>
    <ClCompile Include="physics\Physics.cpp">
      <Filter>physics</Filter>
    </ClCompile>
    <ClCompile Include="graphics\Texture.cpp">
      <Filter>graphics</Filter>
    </ClCompile>
    <ClCompile Include="graphics\TextureAPI.cpp">
      <Filter>graphics</Filter>
    </ClCompile>
    <ClCompile Include="physics\VehicleCreate.cpp">
      <Filter>physics</Filter>
    </ClCompile>
    <ClCompile Include="physics\VehicleFilterShader.cpp">
      <Filter>physics</Filter>
    </ClCompile>
    <ClCompile Include="physics\VehicleMovement.cpp">
      <Filter>physics</Filter>
    </ClCompile>
    <ClCompile Include="physics\VehicleSceneQuery.cpp">
      <Filter>physics</Filter>
    </ClCompile>
    <ClCompile Include="physics\VehicleTireFriction.cpp">
      <Filter>physics</Filter>
    </ClCompile>
    <ClCompile Include="graphics\VertexArray.cpp">
      <Filter>graphics</Filter>
    </ClCompile>
    <ClCompile Include="graphics\VertexBuffer.cpp">
      <Filter>graphics</Filter>
    </ClCompile>
    <ClCompile Include="graphics\Window.cpp">
      <Filter>graphics</Filter>
    </ClCompile>
  </ItemGroup>
  <ItemGroup>
    <Filter Include="imgui">
      <UniqueIdentifier>{37343344-2a0d-4fb1-96e8-87a751a7421b}</UniqueIdentifier>
    </Filter>
    <Filter Include="audio">
      <UniqueIdentifier>{3c67216e-979a-450e-8a2a-6322ad836299}</UniqueIdentifier>
    </Filter>
    <Filter Include="graphics">
      <UniqueIdentifier>{5ae303e5-07dc-4e2b-80d8-130ef134d874}</UniqueIdentifier>
    </Filter>
    <Filter Include="physics">
      <UniqueIdentifier>{493e3717-2538-4af6-a2c8-cd734a1dd4d2}</UniqueIdentifier>
    </Filter>
    <Filter Include="shaders">
      <UniqueIdentifier>{6f897a50-f75e-4308-8c0d-722bd8fa1475}</UniqueIdentifier>
    </Filter>
  </ItemGroup>
  <ItemGroup>
    <ClInclude Include="imgui\imconfig.h">
      <Filter>imgui</Filter>
    </ClInclude>
    <ClInclude Include="imgui\imgui.h">
      <Filter>imgui</Filter>
    </ClInclude>
    <ClInclude Include="imgui\imgui_impl_opengl3.h">
      <Filter>imgui</Filter>
    </ClInclude>
    <ClInclude Include="imgui\imgui_internal.h">
      <Filter>imgui</Filter>
    </ClInclude>
    <ClInclude Include="imgui\imstb_rectpack.h">
      <Filter>imgui</Filter>
    </ClInclude>
    <ClInclude Include="imgui\imstb_textedit.h">
      <Filter>imgui</Filter>
    </ClInclude>
    <ClInclude Include="imgui\imstb_truetype.h">
      <Filter>imgui</Filter>
    </ClInclude>
    <ClInclude Include="imgui\imgui_impl_sdl.h">
      <Filter>imgui</Filter>
    </ClInclude>
    <ClInclude Include="Camera.h" />
    <ClInclude Include="graphics\Geometry.h" />
    <ClInclude Include="graphics\Shader.h" />
    <ClInclude Include="graphics\ShaderProgram.h" />
    <ClInclude Include="GlDebug.h" />
    <ClInclude Include="input.h" />
    <ClInclude Include="Conversions.h" />
    <ClInclude Include="Entity.h" />
    <ClInclude Include="Vehicle.h" />
    <ClInclude Include="Flag.h" />
    <ClInclude Include="GlobalState.h" />
    <ClInclude Include="Projectile.h" />
    <ClInclude Include="ProjectilePickupZone.h" />
    <ClInclude Include="FlagDropoffZone.h" />
    <ClInclude Include="OpponentInput.h" />
    <ClInclude Include="PathFinding.h" />
    <ClInclude Include="SpeedBoost.h" />
    <ClInclude Include="SpeedBoostPickupZone.h" />
    <ClInclude Include="SpikeTrap.h" />
    <ClInclude Include="SpikeTrapPickupZone.h" />
    <ClInclude Include="InvisibleBarrier.h" />
    <ClInclude Include="PowerUpManager.h" />
    <ClInclude Include="GameUI.h" />
    <ClInclude Include="DoorManager.h" />
    <ClInclude Include="audio\AudioEngine.h">
      <Filter>audio</Filter>
    </ClInclude>
    <ClInclude Include="audio\AudioInstance.h">
      <Filter>audio</Filter>
    </ClInclude>
    <ClInclude Include="audio\GameAudio.h">
      <Filter>audio</Filter>
    </ClInclude>
    <ClInclude Include="physics\ContactReportCallback.h">
      <Filter>physics</Filter>
    </ClInclude>
    <ClInclude Include="graphics\ElementBuffer.h">
      <Filter>graphics</Filter>
    </ClInclude>
    <ClInclude Include="graphics\Mesh.h">
      <Filter>graphics</Filter>
    </ClInclude>
    <ClInclude Include="graphics\Model.h">
      <Filter>graphics</Filter>
    </ClInclude>
    <ClInclude Include="physics\Physics.h">
      <Filter>physics</Filter>
    </ClInclude>
    <ClInclude Include="graphics\Texture.h">
      <Filter>graphics</Filter>
    </ClInclude>
    <ClInclude Include="graphics\TextureAPI.h">
      <Filter>graphics</Filter>
    </ClInclude>
    <ClInclude Include="physics\VehicleCreate.h">
      <Filter>physics</Filter>
    </ClInclude>
    <ClInclude Include="physics\VehicleFilterShader.h">
      <Filter>physics</Filter>
    </ClInclude>
    <ClInclude Include="physics\VehicleMovement.h">
      <Filter>physics</Filter>
    </ClInclude>
    <ClInclude Include="physics\VehicleSceneQuery.h">
      <Filter>physics</Filter>
    </ClInclude>
    <ClInclude Include="physics\VehicleTireFriction.h">
      <Filter>physics</Filter>
    </ClInclude>
    <ClInclude Include="graphics\VertexArray.h">
      <Filter>graphics</Filter>
    </ClInclude>
    <ClInclude Include="graphics\VertexBuffer.h">
      <Filter>graphics</Filter>
    </ClInclude>
    <ClInclude Include="graphics\Window.h">
      <Filter>graphics</Filter>
    </ClInclude>
  </ItemGroup>
  <ItemGroup>
    <None Include="imgui.ini" />
    <None Include="shaders\main.frag">
      <Filter>shaders</Filter>
    </None>
    <None Include="shaders\main.vert">
      <Filter>shaders</Filter>
    </None>
    <None Include="shaders\simple.vert">
      <Filter>shaders</Filter>
    </None>
    <None Include="shaders\simple.frag">
      <Filter>shaders</Filter>
    </None>
  </ItemGroup>
</Project>